
Microsoft Visual Studio Solution File, Format Version 12.00
# Visual Studio Version 16
VisualStudioVersion = 16.0.30225.117
MinimumVisualStudioVersion = 10.0.40219.1
Project("{FAE04EC0-301F-11D3-BF4B-00C04F79EFBC}") = "WindowsFormsControlLibrary", "WindowsFormsControlLibrary\WindowsFormsControlLibrary.csproj", "{B2F905C2-7B4A-4A79-9ED5-B0F0C82A44AE}"
EndProject
Project("{FAE04EC0-301F-11D3-BF4B-00C04F79EFBC}") = "WindowsFormsComponentLibrary", "WindowsFormsComponentLibrary\WindowsFormsComponentLibrary.csproj", "{B7D4536C-4D1E-4981-AE62-2949531A8360}"
EndProject
Global
	GlobalSection(SolutionConfigurationPlatforms) = preSolution
		Debug|Any CPU = Debug|Any CPU
		Release|Any CPU = Release|Any CPU
	EndGlobalSection
	GlobalSection(ProjectConfigurationPlatforms) = postSolution
		{B2F905C2-7B4A-4A79-9ED5-B0F0C82A44AE}.Debug|Any CPU.ActiveCfg = Debug|Any CPU
		{B2F905C2-7B4A-4A79-9ED5-B0F0C82A44AE}.Debug|Any CPU.Build.0 = Debug|Any CPU
		{B2F905C2-7B4A-4A79-9ED5-B0F0C82A44AE}.Release|Any CPU.ActiveCfg = Release|Any CPU
		{B2F905C2-7B4A-4A79-9ED5-B0F0C82A44AE}.Release|Any CPU.Build.0 = Release|Any CPU
		{B7D4536C-4D1E-4981-AE62-2949531A8360}.Debug|Any CPU.ActiveCfg = Debug|Any CPU
		{B7D4536C-4D1E-4981-AE62-2949531A8360}.Debug|Any CPU.Build.0 = Debug|Any CPU
		{B7D4536C-4D1E-4981-AE62-2949531A8360}.Release|Any CPU.ActiveCfg = Release|Any CPU
		{B7D4536C-4D1E-4981-AE62-2949531A8360}.Release|Any CPU.Build.0 = Release|Any CPU
	EndGlobalSection
	GlobalSection(SolutionProperties) = preSolution
		HideSolutionNode = FALSE
	EndGlobalSection
	GlobalSection(ExtensibilityGlobals) = postSolution
		SolutionGuid = {21B367E9-3DC0-439F-89AD-448FDF1AA438}
	EndGlobalSection
EndGlobal
